{
  "name": "ampeace-backend",
  "version": "1.0.0",
  "lockfileVersion": 1,
  "requires": true,
  "dependencies": {
    "lodash": {
      "version": "4.17.20",
      "resolved": "https://registry.npmjs.org/lodash/-/lodash-4.17.20.tgz",
      "integrity": "sha512-PlhdFcillOINfeV7Ni6oF1TAEayyZBoZ8bcshTHqOYJYlrqzRK5hagpagky5o4HfCzzd1TRkXPMFq6cKk9rGmA==",
      "dev": true
    },
    "serverless-cloudformation-sub-variables": {
      "version": "0.2.1",
      "resolved": "https://registry.npmjs.org/serverless-cloudformation-sub-variables/-/serverless-cloudformation-sub-variables-0.2.1.tgz",
      "integrity": "sha512-ClknmsdUx+aUakbNo0aP4L0SwwM+Bd/HtjOdgJVDqWuNQlQsDr4ajX/nM5nABseFsIQhzyoSq5F6xgnajloWuQ=="
    },
    "serverless-iam-roles-per-function": {
      "version": "2.0.2",
      "resolved": "https://registry.npmjs.org/serverless-iam-roles-per-function/-/serverless-iam-roles-per-function-2.0.2.tgz",
      "integrity": "sha512-3zv4Af3x7KJHC4fuJMHniEEstCljMghReaYIg94Spdsqkhiy8GJ3yfJ5Jy+wiG/DvyObK91JJNMjLhDnDc+vCQ==",
      "dev": true,
      "requires": {
        "lodash": "^4.17.15"
      }
    }
  }
}
